
Microsoft Visual Studio Solution File, Format Version 12.00
Project("{FAE04EC0-301F-11D3-BF4B-00C04F79EFBC}") = "ToDo_Uygulamasi", "ToDo_Uygulamasi\ToDo_Uygulamasi.csproj", "{5AA60DEF-39F1-45E4-AF94-022D491BC051}"
EndProject
Global
	GlobalSection(SolutionConfigurationPlatforms) = preSolution
		Debug|Any CPU = Debug|Any CPU
		Release|Any CPU = Release|Any CPU
	EndGlobalSection
	GlobalSection(ProjectConfigurationPlatforms) = postSolution
		{5AA60DEF-39F1-45E4-AF94-022D491BC051}.Debug|Any CPU.ActiveCfg = Debug|Any CPU
		{5AA60DEF-39F1-45E4-AF94-022D491BC051}.Debug|Any CPU.Build.0 = Debug|Any CPU
		{5AA60DEF-39F1-45E4-AF94-022D491BC051}.Release|Any CPU.ActiveCfg = Release|Any CPU
		{5AA60DEF-39F1-45E4-AF94-022D491BC051}.Release|Any CPU.Build.0 = Release|Any CPU
	EndGlobalSection
EndGlobal
